
Microsoft Visual Studio Solution File, Format Version 12.00
# Visual Studio Version 16
VisualStudioVersion = 16.0.30907.101
MinimumVisualStudioVersion = 10.0.40219.1
Project("{FAE04EC0-301F-11D3-BF4B-00C04F79EFBC}") = "MemberVerification", "MemberVerification\MemberVerification.csproj", "{5DE10274-87B6-4488-B8BB-78BC1F234497}"
EndProject
Global
	GlobalSection(SolutionConfigurationPlatforms) = preSolution
		Debug|Any CPU = Debug|Any CPU
		Release|Any CPU = Release|Any CPU
	EndGlobalSection
	GlobalSection(ProjectConfigurationPlatforms) = postSolution
		{5DE10274-87B6-4488-B8BB-78BC1F234497}.Debug|Any CPU.ActiveCfg = Debug|Any CPU
		{5DE10274-87B6-4488-B8BB-78BC1F234497}.Debug|Any CPU.Build.0 = Debug|Any CPU
		{5DE10274-87B6-4488-B8BB-78BC1F234497}.Release|Any CPU.ActiveCfg = Release|Any CPU
		{5DE10274-87B6-4488-B8BB-78BC1F234497}.Release|Any CPU.Build.0 = Release|Any CPU
	EndGlobalSection
	GlobalSection(SolutionProperties) = preSolution
		HideSolutionNode = FALSE
	EndGlobalSection
	GlobalSection(ExtensibilityGlobals) = postSolution
		SolutionGuid = {7775A3B4-275E-4D9F-8921-19114D36D1FC}
	EndGlobalSection
EndGlobal
